
Microsoft Visual Studio Solution File, Format Version 12.00
# Visual Studio 15
Project("{FAE04EC0-301F-11D3-BF4B-00C04F79EFBC}") = "Miyuki Yotsuba", "Miyuki Yotsuba.csproj", "{FCA93244-2083-D7C2-5005-2AE91B66B79C}"
EndProject
Project("{FAE04EC0-301F-11D3-BF4B-00C04F79EFBC}") = "Miyuki Yotsuba.Editor", "Miyuki Yotsuba.Editor.csproj", "{65EB50B5-4C0E-1BFC-C47E-C74BAF7C32C0}"
EndProject
Global
	GlobalSection(SolutionConfigurationPlatforms) = preSolution
		Debug|Any CPU = Debug|Any CPU
		Release|Any CPU = Release|Any CPU
	EndGlobalSection
	GlobalSection(ProjectConfigurationPlatforms) = postSolution
		{FCA93244-2083-D7C2-5005-2AE91B66B79C}.Debug|Any CPU.ActiveCfg = Debug|Any CPU
		{FCA93244-2083-D7C2-5005-2AE91B66B79C}.Debug|Any CPU.Build.0 = Debug|Any CPU
		{FCA93244-2083-D7C2-5005-2AE91B66B79C}.Release|Any CPU.ActiveCfg = Release|Any CPU
		{FCA93244-2083-D7C2-5005-2AE91B66B79C}.Release|Any CPU.Build.0 = Release|Any CPU
		{65EB50B5-4C0E-1BFC-C47E-C74BAF7C32C0}.Debug|Any CPU.ActiveCfg = Debug|Any CPU
		{65EB50B5-4C0E-1BFC-C47E-C74BAF7C32C0}.Debug|Any CPU.Build.0 = Debug|Any CPU
		{65EB50B5-4C0E-1BFC-C47E-C74BAF7C32C0}.Release|Any CPU.ActiveCfg = Release|Any CPU
		{65EB50B5-4C0E-1BFC-C47E-C74BAF7C32C0}.Release|Any CPU.Build.0 = Release|Any CPU
	EndGlobalSection
	GlobalSection(SolutionProperties) = preSolution
		HideSolutionNode = FALSE
	EndGlobalSection
EndGlobal
